
Microsoft Visual Studio Solution File, Format Version 12.00
# Visual Studio 15
VisualStudioVersion = 15.0.27428.2043
MinimumVisualStudioVersion = 10.0.40219.1
Project("{FAE04EC0-301F-11D3-BF4B-00C04F79EFBC}") = "DeleteMail.IOS", "DeleteAppleMailsOnIphone\DeleteMail.IOS.csproj", "{85CD1112-BEC5-4B2D-BDBD-2F33784CDBCE}"
EndProject
Project("{FAE04EC0-301F-11D3-BF4B-00C04F79EFBC}") = "DeleteMail.Android", "DeleteMail\DeleteMail.Android\DeleteMail.Android.csproj", "{9E90B313-10DB-457A-A7D1-5DF0990D2407}"
EndProject
Project("{9A19103F-16F7-4668-BE54-9A1E7A4F7556}") = "DeleteMail", "DeleteMail\DeleteMail\DeleteMail.csproj", "{2EA32731-8FB0-4032-8522-8E23E4FAC4E5}"
EndProject
Global
	GlobalSection(SolutionConfigurationPlatforms) = preSolution
		Ad-Hoc|Any CPU = Ad-Hoc|Any CPU
		Ad-Hoc|iPhone = Ad-Hoc|iPhone
		Ad-Hoc|iPhoneSimulator = Ad-Hoc|iPhoneSimulator
		AppStore|Any CPU = AppStore|Any CPU
		AppStore|iPhone = AppStore|iPhone
		AppStore|iPhoneSimulator = AppStore|iPhoneSimulator
		Debug|Any CPU = Debug|Any CPU
		Debug|iPhone = Debug|iPhone
		Debug|iPhoneSimulator = Debug|iPhoneSimulator
		Release|Any CPU = Release|Any CPU
		Release|iPhone = Release|iPhone
		Release|iPhoneSimulator = Release|iPhoneSimulator
	EndGlobalSection
	GlobalSection(ProjectConfigurationPlatforms) = postSolution
		{85CD1112-BEC5-4B2D-BDBD-2F33784CDBCE}.Ad-Hoc|Any CPU.ActiveCfg = Release|iPhoneSimulator
		{85CD1112-BEC5-4B2D-BDBD-2F33784CDBCE}.Ad-Hoc|Any CPU.Build.0 = Release|iPhoneSimulator
		{85CD1112-BEC5-4B2D-BDBD-2F33784CDBCE}.Ad-Hoc|iPhone.ActiveCfg = Release|iPhone
		{85CD1112-BEC5-4B2D-BDBD-2F33784CDBCE}.Ad-Hoc|iPhone.Build.0 = Release|iPhone
		{85CD1112-BEC5-4B2D-BDBD-2F33784CDBCE}.Ad-Hoc|iPhoneSimulator.ActiveCfg = Release|iPhoneSimulator
		{85CD1112-BEC5-4B2D-BDBD-2F33784CDBCE}.Ad-Hoc|iPhoneSimulator.Build.0 = Release|iPhoneSimulator
		{85CD1112-BEC5-4B2D-BDBD-2F33784CDBCE}.AppStore|Any CPU.ActiveCfg = Release|iPhoneSimulator
		{85CD1112-BEC5-4B2D-BDBD-2F33784CDBCE}.AppStore|Any CPU.Build.0 = Release|iPhoneSimulator
		{85CD1112-BEC5-4B2D-BDBD-2F33784CDBCE}.AppStore|iPhone.ActiveCfg = Release|iPhone
		{85CD1112-BEC5-4B2D-BDBD-2F33784CDBCE}.AppStore|iPhone.Build.0 = Release|iPhone
		{85CD1112-BEC5-4B2D-BDBD-2F33784CDBCE}.AppStore|iPhoneSimulator.ActiveCfg = Release|iPhoneSimulator
		{85CD1112-BEC5-4B2D-BDBD-2F33784CDBCE}.AppStore|iPhoneSimulator.Build.0 = Release|iPhoneSimulator
		{85CD1112-BEC5-4B2D-BDBD-2F33784CDBCE}.Debug|Any CPU.ActiveCfg = Debug|iPhoneSimulator
		{85CD1112-BEC5-4B2D-BDBD-2F33784CDBCE}.Debug|iPhone.ActiveCfg = Debug|iPhone
		{85CD1112-BEC5-4B2D-BDBD-2F33784CDBCE}.Debug|iPhone.Build.0 = Debug|iPhone
		{85CD1112-BEC5-4B2D-BDBD-2F33784CDBCE}.Debug|iPhoneSimulator.ActiveCfg = Debug|iPhoneSimulator
		{85CD1112-BEC5-4B2D-BDBD-2F33784CDBCE}.Debug|iPhoneSimulator.Build.0 = Debug|iPhoneSimulator
		{85CD1112-BEC5-4B2D-BDBD-2F33784CDBCE}.Release|Any CPU.ActiveCfg = Release|iPhoneSimulator
		{85CD1112-BEC5-4B2D-BDBD-2F33784CDBCE}.Release|iPhone.ActiveCfg = Release|iPhone
		{85CD1112-BEC5-4B2D-BDBD-2F33784CDBCE}.Release|iPhone.Build.0 = Release|iPhone
		{85CD1112-BEC5-4B2D-BDBD-2F33784CDBCE}.Release|iPhoneSimulator.ActiveCfg = Release|iPhoneSimulator
		{85CD1112-BEC5-4B2D-BDBD-2F33784CDBCE}.Release|iPhoneSimulator.Build.0 = Release|iPhoneSimulator
		{9E90B313-10DB-457A-A7D1-5DF0990D2407}.Ad-Hoc|Any CPU.ActiveCfg = Release|Any CPU
		{9E90B313-10DB-457A-A7D1-5DF0990D2407}.Ad-Hoc|Any CPU.Build.0 = Release|Any CPU
		{9E90B313-10DB-457A-A7D1-5DF0990D2407}.Ad-Hoc|Any CPU.Deploy.0 = Release|Any CPU
		{9E90B313-10DB-457A-A7D1-5DF0990D2407}.Ad-Hoc|iPhone.ActiveCfg = Release|Any CPU
		{9E90B313-10DB-457A-A7D1-5DF0990D2407}.Ad-Hoc|iPhone.Build.0 = Release|Any CPU
		{9E90B313-10DB-457A-A7D1-5DF0990D2407}.Ad-Hoc|iPhone.Deploy.0 = Release|Any CPU
		{9E90B313-10DB-457A-A7D1-5DF0990D2407}.Ad-Hoc|iPhoneSimulator.ActiveCfg = Release|Any CPU
		{9E90B313-10DB-457A-A7D1-5DF0990D2407}.Ad-Hoc|iPhoneSimulator.Build.0 = Release|Any CPU
		{9E90B313-10DB-457A-A7D1-5DF0990D2407}.Ad-Hoc|iPhoneSimulator.Deploy.0 = Release|Any CPU
		{9E90B313-10DB-457A-A7D1-5DF0990D2407}.AppStore|Any CPU.ActiveCfg = Release|Any CPU
		{9E90B313-10DB-457A-A7D1-5DF0990D2407}.AppStore|Any CPU.Build.0 = Release|Any CPU
		{9E90B313-10DB-457A-A7D1-5DF0990D2407}.AppStore|Any CPU.Deploy.0 = Release|Any CPU
		{9E90B313-10DB-457A-A7D1-5DF0990D2407}.AppStore|iPhone.ActiveCfg = Release|Any CPU
		{9E90B313-10DB-457A-A7D1-5DF0990D2407}.AppStore|iPhone.Build.0 = Release|Any CPU
		{9E90B313-10DB-457A-A7D1-5DF0990D2407}.AppStore|iPhone.Deploy.0 = Release|Any CPU
		{9E90B313-10DB-457A-A7D1-5DF0990D2407}.AppStore|iPhoneSimulator.ActiveCfg = Release|Any CPU
		{9E90B313-10DB-457A-A7D1-5DF0990D2407}.AppStore|iPhoneSimulator.Build.0 = Release|Any CPU
		{9E90B313-10DB-457A-A7D1-5DF0990D2407}.AppStore|iPhoneSimulator.Deploy.0 = Release|Any CPU
		{9E90B313-10DB-457A-A7D1-5DF0990D2407}.Debug|Any CPU.ActiveCfg = Debug|Any CPU
		{9E90B313-10DB-457A-A7D1-5DF0990D2407}.Debug|Any CPU.Build.0 = Debug|Any CPU
		{9E90B313-10DB-457A-A7D1-5DF0990D2407}.Debug|Any CPU.Deploy.0 = Debug|Any CPU
		{9E90B313-10DB-457A-A7D1-5DF0990D2407}.Debug|iPhone.ActiveCfg = Debug|Any CPU
		{9E90B313-10DB-457A-A7D1-5DF0990D2407}.Debug|iPhone.Build.0 = Debug|Any CPU
		{9E90B313-10DB-457A-A7D1-5DF0990D2407}.Debug|iPhone.Deploy.0 = Debug|Any CPU
		{9E90B313-10DB-457A-A7D1-5DF0990D2407}.Debug|iPhoneSimulator.ActiveCfg = Debug|Any CPU
		{9E90B313-10DB-457A-A7D1-5DF0990D2407}.Debug|iPhoneSimulator.Build.0 = Debug|Any CPU
		{9E90B313-10DB-457A-A7D1-5DF0990D2407}.Debug|iPhoneSimulator.Deploy.0 = Debug|Any CPU
		{9E90B313-10DB-457A-A7D1-5DF0990D2407}.Release|Any CPU.ActiveCfg = Release|Any CPU
		{9E90B313-10DB-457A-A7D1-5DF0990D2407}.Release|Any CPU.Build.0 = Release|Any CPU
		{9E90B313-10DB-457A-A7D1-5DF0990D2407}.Release|Any CPU.Deploy.0 = Release|Any CPU
		{9E90B313-10DB-457A-A7D1-5DF0990D2407}.Release|iPhone.ActiveCfg = Release|Any CPU
		{9E90B313-10DB-457A-A7D1-5DF0990D2407}.Release|iPhone.Build.0 = Release|Any CPU
		{9E90B313-10DB-457A-A7D1-5DF0990D2407}.Release|iPhone.Deploy.0 = Release|Any CPU
		{9E90B313-10DB-457A-A7D1-5DF0990D2407}.Release|iPhoneSimulator.ActiveCfg = Release|Any CPU
		{9E90B313-10DB-457A-A7D1-5DF0990D2407}.Release|iPhoneSimulator.Build.0 = Release|Any CPU
		{9E90B313-10DB-457A-A7D1-5DF0990D2407}.Release|iPhoneSimulator.Deploy.0 = Release|Any CPU
		{2EA32731-8FB0-4032-8522-8E23E4FAC4E5}.Ad-Hoc|Any CPU.ActiveCfg = Debug|Any CPU
		{2EA32731-8FB0-4032-8522-8E23E4FAC4E5}.Ad-Hoc|Any CPU.Build.0 = Debug|Any CPU
		{2EA32731-8FB0-4032-8522-8E23E4FAC4E5}.Ad-Hoc|iPhone.ActiveCfg = Debug|Any CPU
		{2EA32731-8FB0-4032-8522-8E23E4FAC4E5}.Ad-Hoc|iPhone.Build.0 = Debug|Any CPU
		{2EA32731-8FB0-4032-8522-8E23E4FAC4E5}.Ad-Hoc|iPhoneSimulator.ActiveCfg = Debug|Any CPU
		{2EA32731-8FB0-4032-8522-8E23E4FAC4E5}.Ad-Hoc|iPhoneSimulator.Build.0 = Debug|Any CPU
		{2EA32731-8FB0-4032-8522-8E23E4FAC4E5}.AppStore|Any CPU.ActiveCfg = Debug|Any CPU
		{2EA32731-8FB0-4032-8522-8E23E4FAC4E5}.AppStore|Any CPU.Build.0 = Debug|Any CPU
		{2EA32731-8FB0-4032-8522-8E23E4FAC4E5}.AppStore|iPhone.ActiveCfg = Debug|Any CPU
		{2EA32731-8FB0-4032-8522-8E23E4FAC4E5}.AppStore|iPhone.Build.0 = Debug|Any CPU
		{2EA32731-8FB0-4032-8522-8E23E4FAC4E5}.AppStore|iPhoneSimulator.ActiveCfg = Debug|Any CPU
		{2EA32731-8FB0-4032-8522-8E23E4FAC4E5}.AppStore|iPhoneSimulator.Build.0 = Debug|Any CPU
		{2EA32731-8FB0-4032-8522-8E23E4FAC4E5}.Debug|Any CPU.ActiveCfg = Debug|Any CPU
		{2EA32731-8FB0-4032-8522-8E23E4FAC4E5}.Debug|Any CPU.Build.0 = Debug|Any CPU
		{2EA32731-8FB0-4032-8522-8E23E4FAC4E5}.Debug|iPhone.ActiveCfg = Debug|Any CPU
		{2EA32731-8FB0-4032-8522-8E23E4FAC4E5}.Debug|iPhone.Build.0 = Debug|Any CPU
		{2EA32731-8FB0-4032-8522-8E23E4FAC4E5}.Debug|iPhoneSimulator.ActiveCfg = Debug|Any CPU
		{2EA32731-8FB0-4032-8522-8E23E4FAC4E5}.Debug|iPhoneSimulator.Build.0 = Debug|Any CPU
		{2EA32731-8FB0-4032-8522-8E23E4FAC4E5}.Release|Any CPU.ActiveCfg = Release|Any CPU
		{2EA32731-8FB0-4032-8522-8E23E4FAC4E5}.Release|Any CPU.Build.0 = Release|Any CPU
		{2EA32731-8FB0-4032-8522-8E23E4FAC4E5}.Release|iPhone.ActiveCfg = Release|Any CPU
		{2EA32731-8FB0-4032-8522-8E23E4FAC4E5}.Release|iPhone.Build.0 = Release|Any CPU
		{2EA32731-8FB0-4032-8522-8E23E4FAC4E5}.Release|iPhoneSimulator.ActiveCfg = Release|Any CPU
		{2EA32731-8FB0-4032-8522-8E23E4FAC4E5}.Release|iPhoneSimulator.Build.0 = Release|Any CPU
	EndGlobalSection
	GlobalSection(SolutionProperties) = preSolution
		HideSolutionNode = FALSE
	EndGlobalSection
	GlobalSection(ExtensibilityGlobals) = postSolution
		SolutionGuid = {9DA3F556-20DC-402A-AFCD-BA8FDEE0A611}
	EndGlobalSection
EndGlobal
